{
  "nodes": {
    "home-manager": {
      "inputs": {
        "nixpkgs": [
          "nixpkgs"
        ]
      },
      "locked": {
        "lastModified": 1623343236,
        "narHash": "sha256-Cl/0/WW3AWjkO7gphw9FqUr4P7T98KKyFCX3Vxv22Sk=",
        "owner": "nix-community",
        "repo": "home-manager",
        "rev": "666eee4f72979b0ebbd2e065a3846d7a8a16895c",
        "type": "github"
      },
      "original": {
        "owner": "nix-community",
        "repo": "home-manager",
        "type": "github"
      }
    },
    "nixpkgs": {
      "locked": {
        "lastModified": 1644472683,
        "narHash": "sha256-sP6iM4NksOYO6NFfTJ96cg+ClPnq6cdY30xKA1iYtyU=",
        "owner": "nixos",
        "repo": "nixpkgs",
        "rev": "7adc9c14ec74b27358a8df9b973087e351425a79",
        "type": "github"
      },
      "original": {
        "owner": "nixos",
        "ref": "7adc9c14ec74",
        "repo": "nixpkgs",
        "type": "github"
      }
    },
    "root": {
      "inputs": {
        "home-manager": "home-manager",
        "nixpkgs": "nixpkgs"
      }
    }
  },
  "root": "root",
  "version": 7
}
