{
  "nodes": {
    "flake-utils": {
      "locked": {
        "lastModified": 1638122382,
        "narHash": "sha256-sQzZzAbvKEqN9s0bzWuYmRaA03v40gaJ4+iL1LXjaeI=",
        "owner": "numtide",
        "repo": "flake-utils",
        "rev": "74f7e4319258e287b0f9cb95426c9853b282730b",
        "type": "github"
      },
      "original": {
        "owner": "numtide",
        "repo": "flake-utils",
        "type": "github"
      }
    },
    "nixos-cn": {
      "inputs": {
        "flake-utils": "flake-utils",
        "nixpkgs": [
          "nixpkgs"
        ]
      },
      "locked": {
        "lastModified": 1670463997,
        "narHash": "sha256-ivYifCanWPZOrS2K076lGrhULVcjLMfcolJNRiFKwHc=",
        "owner": "nixos-cn",
        "repo": "flakes",
        "rev": "a3a7f3e0bc554af1c489e383e4cef99df39f5f87",
        "type": "github"
      },
      "original": {
        "owner": "nixos-cn",
        "repo": "flakes",
        "type": "github"
      }
    },
    "nixpkgs": {
      "locked": {
        "lastModified": 1670372410,
        "narHash": "sha256-BDiOUkuqgq5DP+E5xfTzIFYYyMb8DpSLYmeaOBeZ0vg=",
        "owner": "nixos",
        "repo": "nixpkgs",
        "rev": "5528350186a9e826588cee1329640899ca44a0cf",
        "type": "github"
      },
      "original": {
        "owner": "nixos",
        "ref": "5528350186a9",
        "repo": "nixpkgs",
        "type": "github"
      }
    },
    "root": {
      "inputs": {
        "nixos-cn": "nixos-cn",
        "nixpkgs": "nixpkgs"
      }
    }
  },
  "root": "root",
  "version": 7
}
