{
  "nodes": {
    "flake-utils": {
      "locked": {
        "lastModified": 1638122382,
        "narHash": "sha256-sQzZzAbvKEqN9s0bzWuYmRaA03v40gaJ4+iL1LXjaeI=",
        "owner": "numtide",
        "repo": "flake-utils",
        "rev": "74f7e4319258e287b0f9cb95426c9853b282730b",
        "type": "github"
      },
      "original": {
        "owner": "numtide",
        "repo": "flake-utils",
        "type": "github"
      }
    },
    "hardware": {
      "locked": {
        "lastModified": 1679224149,
        "narHash": "sha256-TSY37Zv0icF/aijR3/KWGLVBlnKKHlG9QTj7vHbF/UU=",
        "owner": "NixOS",
        "repo": "nixos-hardware",
        "rev": "a4bc66709604ab78abc575b60baa6d23ae027a59",
        "type": "github"
      },
      "original": {
        "owner": "NixOS",
        "ref": "master",
        "repo": "nixos-hardware",
        "type": "github"
      }
    },
    "nixos-cn": {
      "inputs": {
        "flake-utils": "flake-utils",
        "nixpkgs": [
          "nixpkgs"
        ]
      },
      "locked": {
        "lastModified": 1675216770,
        "narHash": "sha256-JoQar9dKqaMpy4F4PG0h05Ow8J+mJ9MmP4WQ1tzYXW8=",
        "owner": "nixos-cn",
        "repo": "flakes",
        "rev": "0bd347e7b01c590b9adb602847587bb2d5216bbc",
        "type": "github"
      },
      "original": {
        "owner": "nixos-cn",
        "repo": "flakes",
        "rev": "0bd347e7b01c590b9adb602847587bb2d5216bbc",
        "type": "github"
      }
    },
    "nixpkgs": {
      "locked": {
        "lastModified": 1670372410,
        "narHash": "sha256-BDiOUkuqgq5DP+E5xfTzIFYYyMb8DpSLYmeaOBeZ0vg=",
        "owner": "nixos",
        "repo": "nixpkgs",
        "rev": "5528350186a9e826588cee1329640899ca44a0cf",
        "type": "github"
      },
      "original": {
        "owner": "nixos",
        "ref": "5528350186a9",
        "repo": "nixpkgs",
        "type": "github"
      }
    },
    "root": {
      "inputs": {
        "hardware": "hardware",
        "nixos-cn": "nixos-cn",
        "nixpkgs": "nixpkgs"
      }
    }
  },
  "root": "root",
  "version": 7
}
